
Microsoft Visual Studio Solution File, Format Version 12.00
# Visual Studio Version 17
VisualStudioVersion = 17.0.31903.59
MinimumVisualStudioVersion = 10.0.40219.1
Project("{FAE04EC0-301F-11D3-BF4B-00C04F79EFBC}") = "Domain", "Domain\Domain.csproj", "{32338CE0-E304-46D8-A6BF-4B5A9595E1B4}"
EndProject
Project("{FAE04EC0-301F-11D3-BF4B-00C04F79EFBC}") = "Application", "Application\Application.csproj", "{7F69B0EE-C275-49E2-9746-017752371895}"
EndProject
Project("{FAE04EC0-301F-11D3-BF4B-00C04F79EFBC}") = "Infrastructure", "Infrastructure\Infrastructure.csproj", "{75B14C09-CF02-4105-BD29-3CFC84958CF5}"
EndProject
Project("{FAE04EC0-301F-11D3-BF4B-00C04F79EFBC}") = "Persistence", "Persistence\Persistence.csproj", "{7AC605CB-09BD-42DF-A453-02326F94B9A8}"
EndProject
Project("{FAE04EC0-301F-11D3-BF4B-00C04F79EFBC}") = "Presentation", "Presentation\Presentation.csproj", "{34A51A1A-7681-4140-8AA7-E0F4DD772B6F}"
EndProject
Global
	GlobalSection(SolutionConfigurationPlatforms) = preSolution
		Debug|Any CPU = Debug|Any CPU
		Release|Any CPU = Release|Any CPU
	EndGlobalSection
	GlobalSection(SolutionProperties) = preSolution
		HideSolutionNode = FALSE
	EndGlobalSection
	GlobalSection(ProjectConfigurationPlatforms) = postSolution
		{32338CE0-E304-46D8-A6BF-4B5A9595E1B4}.Debug|Any CPU.ActiveCfg = Debug|Any CPU
		{32338CE0-E304-46D8-A6BF-4B5A9595E1B4}.Debug|Any CPU.Build.0 = Debug|Any CPU
		{32338CE0-E304-46D8-A6BF-4B5A9595E1B4}.Release|Any CPU.ActiveCfg = Release|Any CPU
		{32338CE0-E304-46D8-A6BF-4B5A9595E1B4}.Release|Any CPU.Build.0 = Release|Any CPU
		{7F69B0EE-C275-49E2-9746-017752371895}.Debug|Any CPU.ActiveCfg = Debug|Any CPU
		{7F69B0EE-C275-49E2-9746-017752371895}.Debug|Any CPU.Build.0 = Debug|Any CPU
		{7F69B0EE-C275-49E2-9746-017752371895}.Release|Any CPU.ActiveCfg = Release|Any CPU
		{7F69B0EE-C275-49E2-9746-017752371895}.Release|Any CPU.Build.0 = Release|Any CPU
		{75B14C09-CF02-4105-BD29-3CFC84958CF5}.Debug|Any CPU.ActiveCfg = Debug|Any CPU
		{75B14C09-CF02-4105-BD29-3CFC84958CF5}.Debug|Any CPU.Build.0 = Debug|Any CPU
		{75B14C09-CF02-4105-BD29-3CFC84958CF5}.Release|Any CPU.ActiveCfg = Release|Any CPU
		{75B14C09-CF02-4105-BD29-3CFC84958CF5}.Release|Any CPU.Build.0 = Release|Any CPU
		{7AC605CB-09BD-42DF-A453-02326F94B9A8}.Debug|Any CPU.ActiveCfg = Debug|Any CPU
		{7AC605CB-09BD-42DF-A453-02326F94B9A8}.Debug|Any CPU.Build.0 = Debug|Any CPU
		{7AC605CB-09BD-42DF-A453-02326F94B9A8}.Release|Any CPU.ActiveCfg = Release|Any CPU
		{7AC605CB-09BD-42DF-A453-02326F94B9A8}.Release|Any CPU.Build.0 = Release|Any CPU
		{34A51A1A-7681-4140-8AA7-E0F4DD772B6F}.Debug|Any CPU.ActiveCfg = Debug|Any CPU
		{34A51A1A-7681-4140-8AA7-E0F4DD772B6F}.Debug|Any CPU.Build.0 = Debug|Any CPU
		{34A51A1A-7681-4140-8AA7-E0F4DD772B6F}.Release|Any CPU.ActiveCfg = Release|Any CPU
		{34A51A1A-7681-4140-8AA7-E0F4DD772B6F}.Release|Any CPU.Build.0 = Release|Any CPU
	EndGlobalSection
EndGlobal
