
Microsoft Visual Studio Solution File, Format Version 12.00
# Visual Studio Version 17
VisualStudioVersion = 17.5.002.0
MinimumVisualStudioVersion = 10.0.40219.1
Project("{9A19103F-16F7-4668-BE54-9A1E7A4F7556}") = "Application.UnitTests", "Application.UnitTests.csproj", "{675B1DF2-531E-4EDE-AB8B-8BDCB8BFECD2}"
EndProject
Project("{FAE04EC0-301F-11D3-BF4B-00C04F79EFBC}") = "Application", "..\..\src\Application\Application.csproj", "{B3178BC2-F0BE-4029-914B-1CFA664304D8}"
EndProject
Global
	GlobalSection(SolutionConfigurationPlatforms) = preSolution
		Debug|Any CPU = Debug|Any CPU
		Release|Any CPU = Release|Any CPU
	EndGlobalSection
	GlobalSection(ProjectConfigurationPlatforms) = postSolution
		{675B1DF2-531E-4EDE-AB8B-8BDCB8BFECD2}.Debug|Any CPU.ActiveCfg = Debug|Any CPU
		{675B1DF2-531E-4EDE-AB8B-8BDCB8BFECD2}.Debug|Any CPU.Build.0 = Debug|Any CPU
		{675B1DF2-531E-4EDE-AB8B-8BDCB8BFECD2}.Release|Any CPU.ActiveCfg = Release|Any CPU
		{675B1DF2-531E-4EDE-AB8B-8BDCB8BFECD2}.Release|Any CPU.Build.0 = Release|Any CPU
		{B3178BC2-F0BE-4029-914B-1CFA664304D8}.Debug|Any CPU.ActiveCfg = Debug|Any CPU
		{B3178BC2-F0BE-4029-914B-1CFA664304D8}.Debug|Any CPU.Build.0 = Debug|Any CPU
		{B3178BC2-F0BE-4029-914B-1CFA664304D8}.Release|Any CPU.ActiveCfg = Release|Any CPU
		{B3178BC2-F0BE-4029-914B-1CFA664304D8}.Release|Any CPU.Build.0 = Release|Any CPU
	EndGlobalSection
	GlobalSection(SolutionProperties) = preSolution
		HideSolutionNode = FALSE
	EndGlobalSection
	GlobalSection(ExtensibilityGlobals) = postSolution
		SolutionGuid = {66A0C631-27DC-4560-8820-FCDB90F80AD4}
	EndGlobalSection
EndGlobal
